// !$*UTF8*$!
{
	archiveVersion = 1;
	classes = {
	};
	objectVersion = 46;
	objects = {

/* Begin PBXBuildFile section */
		7EC2865080D38C3857722B54 /* Pods_swift_lib.framework in Frameworks */ = {isa = PBXBuildFile; fileRef = 0EFA5585F273426F228621C8 /* Pods_swift_lib.framework */; settings = {ATTRIBUTES = (Weak, ); }; };
		9103C91A1B19BF8500AB48F2 /* AppDelegate.swift in Sources */ = {isa = PBXBuildFile; fileRef = 9103C9191B19BF8500AB48F2 /* AppDelegate.swift */; };
		9103C91C1B19BF8500AB48F2 /* ViewController.swift in Sources */ = {isa = PBXBuildFile; fileRef = 9103C91B1B19BF8500AB48F2 /* ViewController.swift */; };
		9103C91F1B19BF8500AB48F2 /* Main.storyboard in Resources */ = {isa = PBXBuildFile; fileRef = 9103C91D1B19BF8500AB48F2 /* Main.storyboard */; };
		9103C9211B19BF8500AB48F2 /* Images.xcassets in Resources */ = {isa = PBXBuildFile; fileRef = 9103C9201B19BF8500AB48F2 /* Images.xcassets */; };
		9103C9241B19BF8500AB48F2 /* LaunchScreen.xib in Resources */ = {isa = PBXBuildFile; fileRef = 9103C9221B19BF8500AB48F2 /* LaunchScreen.xib */; };
		9103C9301B19BF8500AB48F2 /* swift_libTests.swift in Sources */ = {isa = PBXBuildFile; fileRef = 9103C92F1B19BF8500AB48F2 /* swift_libTests.swift */; };
		9103C9641B1AC50E00AB48F2 /* SCLAlertView.m in Sources */ = {isa = PBXBuildFile; fileRef = 9103C95A1B1AC50E00AB48F2 /* SCLAlertView.m */; };
		9103C9651B1AC50E00AB48F2 /* SCLAlertViewResponder.m in Sources */ = {isa = PBXBuildFile; fileRef = 9103C95C1B1AC50E00AB48F2 /* SCLAlertViewResponder.m */; };
		9103C9661B1AC50E00AB48F2 /* SCLAlertViewStyleKit.m in Sources */ = {isa = PBXBuildFile; fileRef = 9103C95E1B1AC50E00AB48F2 /* SCLAlertViewStyleKit.m */; };
		9103C9671B1AC50E00AB48F2 /* SCLButton.m in Sources */ = {isa = PBXBuildFile; fileRef = 9103C9601B1AC50E00AB48F2 /* SCLButton.m */; };
		9103C9681B1AC50E00AB48F2 /* UIImage+ImageEffects.m in Sources */ = {isa = PBXBuildFile; fileRef = 9103C9631B1AC50E00AB48F2 /* UIImage+ImageEffects.m */; };
		9103C97A1B1ADBD700AB48F2 /* UIDeviceExtension.swift in Sources */ = {isa = PBXBuildFile; fileRef = 9103C9751B1ADBD700AB48F2 /* UIDeviceExtension.swift */; };
		9103C97B1B1ADBD700AB48F2 /* StringExtension.swift in Sources */ = {isa = PBXBuildFile; fileRef = 9103C9761B1ADBD700AB48F2 /* StringExtension.swift */; };
		9103C97C1B1ADBD700AB48F2 /* UIColorExtension.swift in Sources */ = {isa = PBXBuildFile; fileRef = 9103C9771B1ADBD700AB48F2 /* UIColorExtension.swift */; };
		9103C97E1B1ADBD700AB48F2 /* UIViewExtension.swift in Sources */ = {isa = PBXBuildFile; fileRef = 9103C9791B1ADBD700AB48F2 /* UIViewExtension.swift */; };
		911FCA501B1EAED400A970A3 /* AnimatedMenuButton.swift in Sources */ = {isa = PBXBuildFile; fileRef = 911FCA4B1B1EAED400A970A3 /* AnimatedMenuButton.swift */; };
		911FCA511B1EAED400A970A3 /* DrawerBarButtonItem.swift in Sources */ = {isa = PBXBuildFile; fileRef = 911FCA4C1B1EAED400A970A3 /* DrawerBarButtonItem.swift */; };
		911FCA521B1EAED400A970A3 /* DrawerController.swift in Sources */ = {isa = PBXBuildFile; fileRef = 911FCA4E1B1EAED400A970A3 /* DrawerController.swift */; };
		911FCA531B1EAED400A970A3 /* DrawerVisualState.swift in Sources */ = {isa = PBXBuildFile; fileRef = 911FCA4F1B1EAED400A970A3 /* DrawerVisualState.swift */; };
		911FCA5A1B1EC4E900A970A3 /* ExampleDrawerVisualStateManager.swift in Sources */ = {isa = PBXBuildFile; fileRef = 911FCA591B1EC4E900A970A3 /* ExampleDrawerVisualStateManager.swift */; };
		911FCA751B1EE4C900A970A3 /* SloppySwiper.m in Sources */ = {isa = PBXBuildFile; fileRef = 911FCA6E1B1EE4C900A970A3 /* SloppySwiper.m */; };
		911FCA761B1EE4C900A970A3 /* SloppySwiperNavigationController.m in Sources */ = {isa = PBXBuildFile; fileRef = 911FCA701B1EE4C900A970A3 /* SloppySwiperNavigationController.m */; };
		911FCA771B1EE4C900A970A3 /* SSWAnimator.m in Sources */ = {isa = PBXBuildFile; fileRef = 911FCA721B1EE4C900A970A3 /* SSWAnimator.m */; };
		911FCA781B1EE4C900A970A3 /* SSWDirectionalPanGestureRecognizer.m in Sources */ = {isa = PBXBuildFile; fileRef = 911FCA741B1EE4C900A970A3 /* SSWDirectionalPanGestureRecognizer.m */; };
		916979C81B7C626600E6E25A /* CoreData.framework in Frameworks */ = {isa = PBXBuildFile; fileRef = 916979C71B7C626600E6E25A /* CoreData.framework */; };
		916979CD1B7C62BE00E6E25A /* App.xcdatamodeld in Sources */ = {isa = PBXBuildFile; fileRef = 916979CB1B7C62BE00E6E25A /* App.xcdatamodeld */; };
		916979CF1B7C62C900E6E25A /* CoreDataManager.swift in Sources */ = {isa = PBXBuildFile; fileRef = 916979CE1B7C62C900E6E25A /* CoreDataManager.swift */; };
		916979D11B7C639800E6E25A /* Travel.swift in Sources */ = {isa = PBXBuildFile; fileRef = 916979D01B7C639800E6E25A /* Travel.swift */; };
		916979D31B7C63B300E6E25A /* NSManagedObjectExtension.swift in Sources */ = {isa = PBXBuildFile; fileRef = 916979D21B7C63B300E6E25A /* NSManagedObjectExtension.swift */; };
		917A3F8D1B1C0F93000A2A44 /* NSObectExtension.swift in Sources */ = {isa = PBXBuildFile; fileRef = 917A3F8C1B1C0F93000A2A44 /* NSObectExtension.swift */; };
		917A3F921B1C234D000A2A44 /* User.swift in Sources */ = {isa = PBXBuildFile; fileRef = 917A3F911B1C234D000A2A44 /* User.swift */; };
		917A3F941B1C241D000A2A44 /* Order.swift in Sources */ = {isa = PBXBuildFile; fileRef = 917A3F931B1C241D000A2A44 /* Order.swift */; };
		917A3FB51B1C5F47000A2A44 /* JSONModelParser.swift in Sources */ = {isa = PBXBuildFile; fileRef = 917A3FB31B1C5F47000A2A44 /* JSONModelParser.swift */; };
		91BD59DE1B1D5710002CF727 /* Info.plist in Resources */ = {isa = PBXBuildFile; fileRef = 91BD59DD1B1D5710002CF727 /* Info.plist */; };
		91BD59EA1B1D89FE002CF727 /* AMTumblrHud.m in Sources */ = {isa = PBXBuildFile; fileRef = 91BD59E71B1D89FE002CF727 /* AMTumblrHud.m */; };
		91BD59EB1B1D89FE002CF727 /* GradientProgressView.m in Sources */ = {isa = PBXBuildFile; fileRef = 91BD59E91B1D89FE002CF727 /* GradientProgressView.m */; };
		91BD5A221B1DBAF9002CF727 /* MKAnnotationView+WebCache.m in Sources */ = {isa = PBXBuildFile; fileRef = 91BD5A021B1DBAF9002CF727 /* MKAnnotationView+WebCache.m */; };
		91BD5A231B1DBAF9002CF727 /* NSData+ImageContentType.m in Sources */ = {isa = PBXBuildFile; fileRef = 91BD5A041B1DBAF9002CF727 /* NSData+ImageContentType.m */; };
		91BD5A241B1DBAF9002CF727 /* SDImageCache.m in Sources */ = {isa = PBXBuildFile; fileRef = 91BD5A061B1DBAF9002CF727 /* SDImageCache.m */; };
		91BD5A251B1DBAF9002CF727 /* SDWebImageCompat.m in Sources */ = {isa = PBXBuildFile; fileRef = 91BD5A081B1DBAF9002CF727 /* SDWebImageCompat.m */; };
		91BD5A261B1DBAF9002CF727 /* SDWebImageDecoder.m in Sources */ = {isa = PBXBuildFile; fileRef = 91BD5A0A1B1DBAF9002CF727 /* SDWebImageDecoder.m */; };
		91BD5A271B1DBAF9002CF727 /* SDWebImageDownloader.m in Sources */ = {isa = PBXBuildFile; fileRef = 91BD5A0C1B1DBAF9002CF727 /* SDWebImageDownloader.m */; };
		91BD5A281B1DBAF9002CF727 /* SDWebImageDownloaderOperation.m in Sources */ = {isa = PBXBuildFile; fileRef = 91BD5A0E1B1DBAF9002CF727 /* SDWebImageDownloaderOperation.m */; };
		91BD5A291B1DBAF9002CF727 /* SDWebImageManager.m in Sources */ = {isa = PBXBuildFile; fileRef = 91BD5A101B1DBAF9002CF727 /* SDWebImageManager.m */; };
		91BD5A2A1B1DBAF9002CF727 /* SDWebImagePrefetcher.m in Sources */ = {isa = PBXBuildFile; fileRef = 91BD5A131B1DBAF9002CF727 /* SDWebImagePrefetcher.m */; };
		91BD5A2B1B1DBAF9002CF727 /* UIButton+WebCache.m in Sources */ = {isa = PBXBuildFile; fileRef = 91BD5A151B1DBAF9002CF727 /* UIButton+WebCache.m */; };
		91BD5A2C1B1DBAF9002CF727 /* UIImage+GIF.m in Sources */ = {isa = PBXBuildFile; fileRef = 91BD5A171B1DBAF9002CF727 /* UIImage+GIF.m */; };
		91BD5A2D1B1DBAF9002CF727 /* UIImage+MultiFormat.m in Sources */ = {isa = PBXBuildFile; fileRef = 91BD5A191B1DBAF9002CF727 /* UIImage+MultiFormat.m */; };
		91BD5A2E1B1DBAF9002CF727 /* UIImage+WebP.m in Sources */ = {isa = PBXBuildFile; fileRef = 91BD5A1B1B1DBAF9002CF727 /* UIImage+WebP.m */; };
		91BD5A2F1B1DBAF9002CF727 /* UIImageView+HighlightedWebCache.m in Sources */ = {isa = PBXBuildFile; fileRef = 91BD5A1D1B1DBAF9002CF727 /* UIImageView+HighlightedWebCache.m */; };
		91BD5A301B1DBAF9002CF727 /* UIImageView+WebCache.m in Sources */ = {isa = PBXBuildFile; fileRef = 91BD5A1F1B1DBAF9002CF727 /* UIImageView+WebCache.m */; };
		91BD5A311B1DBAF9002CF727 /* UIView+WebCacheOperation.m in Sources */ = {isa = PBXBuildFile; fileRef = 91BD5A211B1DBAF9002CF727 /* UIView+WebCacheOperation.m */; };
		91BD5A331B1DBC6C002CF727 /* UIimageViewExtension.swift in Sources */ = {isa = PBXBuildFile; fileRef = 91BD5A321B1DBC6C002CF727 /* UIimageViewExtension.swift */; };
		91CB92A81BA27DAF00182CB0 /* ArrayExtension.swift in Sources */ = {isa = PBXBuildFile; fileRef = 91CB92A41BA27DAF00182CB0 /* ArrayExtension.swift */; };
		91CB92A91BA27DAF00182CB0 /* UIImageExtension.swift in Sources */ = {isa = PBXBuildFile; fileRef = 91CB92A51BA27DAF00182CB0 /* UIImageExtension.swift */; };
		91CB92AA1BA27DAF00182CB0 /* UITableViewExtension.swift in Sources */ = {isa = PBXBuildFile; fileRef = 91CB92A61BA27DAF00182CB0 /* UITableViewExtension.swift */; };
		91CB92AB1BA27DAF00182CB0 /* UIViewControllerExtension.swift in Sources */ = {isa = PBXBuildFile; fileRef = 91CB92A71BA27DAF00182CB0 /* UIViewControllerExtension.swift */; };
		91CB92B31BA27E2700182CB0 /* LighBaseTableViewController.swift in Sources */ = {isa = PBXBuildFile; fileRef = 91CB92AF1BA27E2700182CB0 /* LighBaseTableViewController.swift */; };
		91CB92B41BA27E2700182CB0 /* LighBaseViewController.swift in Sources */ = {isa = PBXBuildFile; fileRef = 91CB92B01BA27E2700182CB0 /* LighBaseViewController.swift */; };
		91CB92B51BA27E2700182CB0 /* LighNavigationBarView.swift in Sources */ = {isa = PBXBuildFile; fileRef = 91CB92B11BA27E2700182CB0 /* LighNavigationBarView.swift */; };
		91CB92B61BA27E2700182CB0 /* LighNavigationBarView.xib in Resources */ = {isa = PBXBuildFile; fileRef = 91CB92B21BA27E2700182CB0 /* LighNavigationBarView.xib */; };
		91CB92C11BA27E5300182CB0 /* CircularImageView.swift in Sources */ = {isa = PBXBuildFile; fileRef = 91CB92B91BA27E5300182CB0 /* CircularImageView.swift */; };
		91CB92C21BA27E5300182CB0 /* CircularView.swift in Sources */ = {isa = PBXBuildFile; fileRef = 91CB92BA1BA27E5300182CB0 /* CircularView.swift */; };
		91CB92C31BA27E5300182CB0 /* LighAlertView.swift in Sources */ = {isa = PBXBuildFile; fileRef = 91CB92BB1BA27E5300182CB0 /* LighAlertView.swift */; };
		91CB92C41BA27E5300182CB0 /* LighHorizontalLineView.swift in Sources */ = {isa = PBXBuildFile; fileRef = 91CB92BC1BA27E5300182CB0 /* LighHorizontalLineView.swift */; };
		91CB92C51BA27E5300182CB0 /* LighIndicatorView.m in Sources */ = {isa = PBXBuildFile; fileRef = 91CB92BE1BA27E5300182CB0 /* LighIndicatorView.m */; };
		91CB92C61BA27E5300182CB0 /* LighIndicatorView.xib in Resources */ = {isa = PBXBuildFile; fileRef = 91CB92BF1BA27E5300182CB0 /* LighIndicatorView.xib */; };
		91CB92C71BA27E5300182CB0 /* LighVerticalLineView.swift in Sources */ = {isa = PBXBuildFile; fileRef = 91CB92C01BA27E5300182CB0 /* LighVerticalLineView.swift */; };
		91CB92CA1BA27EA300182CB0 /* LefVC.swift in Sources */ = {isa = PBXBuildFile; fileRef = 91CB92C81BA27EA300182CB0 /* LefVC.swift */; };
		91CB92CB1BA27EA300182CB0 /* LefVC.xib in Resources */ = {isa = PBXBuildFile; fileRef = 91CB92C91BA27EA300182CB0 /* LefVC.xib */; };
		91CB92D01BA27FD000182CB0 /* AlamofireExtensions.swift in Sources */ = {isa = PBXBuildFile; fileRef = 91CB92CD1BA27FD000182CB0 /* AlamofireExtensions.swift */; };
		91CB92D11BA27FD000182CB0 /* LighHttpRequestManager.swift in Sources */ = {isa = PBXBuildFile; fileRef = 91CB92CE1BA27FD000182CB0 /* LighHttpRequestManager.swift */; };
		91CB92D21BA27FD000182CB0 /* LighHTTPResult.swift in Sources */ = {isa = PBXBuildFile; fileRef = 91CB92CF1BA27FD000182CB0 /* LighHTTPResult.swift */; };
		91CB92D51BA2800B00182CB0 /* ThirdPartService.swift in Sources */ = {isa = PBXBuildFile; fileRef = 91CB92D41BA2800B00182CB0 /* ThirdPartService.swift */; };
		91F09BE81B2407FA005D5A0B /* UIButtonExtension.swift in Sources */ = {isa = PBXBuildFile; fileRef = 91F09BE71B2407FA005D5A0B /* UIButtonExtension.swift */; };
		91FC6B4D1B7D9E650086E6AA /* UITableView+FDTemplateLayoutCell.m in Sources */ = {isa = PBXBuildFile; fileRef = 91FC6B4C1B7D9E650086E6AA /* UITableView+FDTemplateLayoutCell.m */; };
		91FC6B4F1B7DA0AA0086E6AA /* UITableViewCellExtension.swift in Sources */ = {isa = PBXBuildFile; fileRef = 91FC6B4E1B7DA0AA0086E6AA /* UITableViewCellExtension.swift */; };
/* End PBXBuildFile section */

/* Begin PBXContainerItemProxy section */
		9103C92A1B19BF8500AB48F2 /* PBXContainerItemProxy */ = {
			isa = PBXContainerItemProxy;
			containerPortal = 9103C90C1B19BF8500AB48F2 /* Project object */;
			proxyType = 1;
			remoteGlobalIDString = 9103C9131B19BF8500AB48F2;
			remoteInfo = "swift-lib";
		};
/* End PBXContainerItemProxy section */

/* Begin PBXFileReference section */
		0EFA5585F273426F228621C8 /* Pods_swift_lib.framework */ = {isa = PBXFileReference; explicitFileType = wrapper.framework; includeInIndex = 0; path = Pods_swift_lib.framework; sourceTree = BUILT_PRODUCTS_DIR; };
		855C6249CC2E0EE9F48C8F15 /* Pods-swift-lib.release.xcconfig */ = {isa = PBXFileReference; includeInIndex = 1; lastKnownFileType = text.xcconfig; name = "Pods-swift-lib.release.xcconfig"; path = "Pods/Target Support Files/Pods-swift-lib/Pods-swift-lib.release.xcconfig"; sourceTree = "<group>"; };
		8E2F084DDE4B0DC0400C53BD /* Pods-swift-lib.debug.xcconfig */ = {isa = PBXFileReference; includeInIndex = 1; lastKnownFileType = text.xcconfig; name = "Pods-swift-lib.debug.xcconfig"; path = "Pods/Target Support Files/Pods-swift-lib/Pods-swift-lib.debug.xcconfig"; sourceTree = "<group>"; };
		9103C9141B19BF8500AB48F2 /* swift-lib.app */ = {isa = PBXFileReference; explicitFileType = wrapper.application; includeInIndex = 0; path = "swift-lib.app"; sourceTree = BUILT_PRODUCTS_DIR; };
		9103C9191B19BF8500AB48F2 /* AppDelegate.swift */ = {isa = PBXFileReference; lastKnownFileType = sourcecode.swift; path = AppDelegate.swift; sourceTree = "<group>"; };
		9103C91B1B19BF8500AB48F2 /* ViewController.swift */ = {isa = PBXFileReference; lastKnownFileType = sourcecode.swift; path = ViewController.swift; sourceTree = "<group>"; };
		9103C91E1B19BF8500AB48F2 /* Base */ = {isa = PBXFileReference; lastKnownFileType = file.storyboard; name = Base; path = Base.lproj/Main.storyboard; sourceTree = "<group>"; };
		9103C9201B19BF8500AB48F2 /* Images.xcassets */ = {isa = PBXFileReference; lastKnownFileType = folder.assetcatalog; path = Images.xcassets; sourceTree = "<group>"; };
		9103C9231B19BF8500AB48F2 /* Base */ = {isa = PBXFileReference; lastKnownFileType = file.xib; name = Base; path = Base.lproj/LaunchScreen.xib; sourceTree = "<group>"; };
		9103C9291B19BF8500AB48F2 /* swift-libTests.xctest */ = {isa = PBXFileReference; explicitFileType = wrapper.cfbundle; includeInIndex = 0; path = "swift-libTests.xctest"; sourceTree = BUILT_PRODUCTS_DIR; };
		9103C92E1B19BF8500AB48F2 /* Info.plist */ = {isa = PBXFileReference; lastKnownFileType = text.plist.xml; path = Info.plist; sourceTree = "<group>"; };
		9103C92F1B19BF8500AB48F2 /* swift_libTests.swift */ = {isa = PBXFileReference; lastKnownFileType = sourcecode.swift; path = swift_libTests.swift; sourceTree = "<group>"; };
		9103C94B1B19C17C00AB48F2 /* project.pch */ = {isa = PBXFileReference; lastKnownFileType = sourcecode.c.h; path = project.pch; sourceTree = "<group>"; };
		9103C94C1B19C52100AB48F2 /* project-Bridging-Header.h */ = {isa = PBXFileReference; lastKnownFileType = sourcecode.c.h; path = "project-Bridging-Header.h"; sourceTree = "<group>"; };
		9103C9591B1AC50E00AB48F2 /* SCLAlertView.h */ = {isa = PBXFileReference; fileEncoding = 4; lastKnownFileType = sourcecode.c.h; path = SCLAlertView.h; sourceTree = "<group>"; };
		9103C95A1B1AC50E00AB48F2 /* SCLAlertView.m */ = {isa = PBXFileReference; fileEncoding = 4; lastKnownFileType = sourcecode.c.objc; path = SCLAlertView.m; sourceTree = "<group>"; };
		9103C95B1B1AC50E00AB48F2 /* SCLAlertViewResponder.h */ = {isa = PBXFileReference; fileEncoding = 4; lastKnownFileType = sourcecode.c.h; path = SCLAlertViewResponder.h; sourceTree = "<group>"; };
		9103C95C1B1AC50E00AB48F2 /* SCLAlertViewResponder.m */ = {isa = PBXFileReference; fileEncoding = 4; lastKnownFileType = sourcecode.c.objc; path = SCLAlertViewResponder.m; sourceTree = "<group>"; };
		9103C95D1B1AC50E00AB48F2 /* SCLAlertViewStyleKit.h */ = {isa = PBXFileReference; fileEncoding = 4; lastKnownFileType = sourcecode.c.h; path = SCLAlertViewStyleKit.h; sourceTree = "<group>"; };
		9103C95E1B1AC50E00AB48F2 /* SCLAlertViewStyleKit.m */ = {isa = PBXFileReference; fileEncoding = 4; lastKnownFileType = sourcecode.c.objc; path = SCLAlertViewStyleKit.m; sourceTree = "<group>"; };
		9103C95F1B1AC50E00AB48F2 /* SCLButton.h */ = {isa = PBXFileReference; fileEncoding = 4; lastKnownFileType = sourcecode.c.h; path = SCLButton.h; sourceTree = "<group>"; };
		9103C9601B1AC50E00AB48F2 /* SCLButton.m */ = {isa = PBXFileReference; fileEncoding = 4; lastKnownFileType = sourcecode.c.objc; path = SCLButton.m; sourceTree = "<group>"; };
		9103C9611B1AC50E00AB48F2 /* SCLMacros.h */ = {isa = PBXFileReference; fileEncoding = 4; lastKnownFileType = sourcecode.c.h; path = SCLMacros.h; sourceTree = "<group>"; };
		9103C9621B1AC50E00AB48F2 /* UIImage+ImageEffects.h */ = {isa = PBXFileReference; fileEncoding = 4; lastKnownFileType = sourcecode.c.h; path = "UIImage+ImageEffects.h"; sourceTree = "<group>"; };
		9103C9631B1AC50E00AB48F2 /* UIImage+ImageEffects.m */ = {isa = PBXFileReference; fileEncoding = 4; lastKnownFileType = sourcecode.c.objc; path = "UIImage+ImageEffects.m"; sourceTree = "<group>"; };
		9103C9751B1ADBD700AB48F2 /* UIDeviceExtension.swift */ = {isa = PBXFileReference; fileEncoding = 4; lastKnownFileType = sourcecode.swift; path = UIDeviceExtension.swift; sourceTree = "<group>"; };
		9103C9761B1ADBD700AB48F2 /* StringExtension.swift */ = {isa = PBXFileReference; fileEncoding = 4; lastKnownFileType = sourcecode.swift; path = StringExtension.swift; sourceTree = "<group>"; };
		9103C9771B1ADBD700AB48F2 /* UIColorExtension.swift */ = {isa = PBXFileReference; fileEncoding = 4; lastKnownFileType = sourcecode.swift; path = UIColorExtension.swift; sourceTree = "<group>"; };
		9103C9791B1ADBD700AB48F2 /* UIViewExtension.swift */ = {isa = PBXFileReference; fileEncoding = 4; lastKnownFileType = sourcecode.swift; path = UIViewExtension.swift; sourceTree = "<group>"; };
		9103C99D1B1B1DF800AB48F2 /* MyPlayground.playground */ = {isa = PBXFileReference; lastKnownFileType = file.playground; path = MyPlayground.playground; sourceTree = "<group>"; };
		911FCA4B1B1EAED400A970A3 /* AnimatedMenuButton.swift */ = {isa = PBXFileReference; fileEncoding = 4; lastKnownFileType = sourcecode.swift; path = AnimatedMenuButton.swift; sourceTree = "<group>"; };
		911FCA4C1B1EAED400A970A3 /* DrawerBarButtonItem.swift */ = {isa = PBXFileReference; fileEncoding = 4; lastKnownFileType = sourcecode.swift; path = DrawerBarButtonItem.swift; sourceTree = "<group>"; };
		911FCA4D1B1EAED400A970A3 /* DrawerController.h */ = {isa = PBXFileReference; fileEncoding = 4; lastKnownFileType = sourcecode.c.h; path = DrawerController.h; sourceTree = "<group>"; };
		911FCA4E1B1EAED400A970A3 /* DrawerController.swift */ = {isa = PBXFileReference; fileEncoding = 4; lastKnownFileType = sourcecode.swift; path = DrawerController.swift; sourceTree = "<group>"; };
		911FCA4F1B1EAED400A970A3 /* DrawerVisualState.swift */ = {isa = PBXFileReference; fileEncoding = 4; lastKnownFileType = sourcecode.swift; path = DrawerVisualState.swift; sourceTree = "<group>"; };
		911FCA591B1EC4E900A970A3 /* ExampleDrawerVisualStateManager.swift */ = {isa = PBXFileReference; fileEncoding = 4; lastKnownFileType = sourcecode.swift; path = ExampleDrawerVisualStateManager.swift; sourceTree = "<group>"; };
		911FCA6D1B1EE4C900A970A3 /* SloppySwiper.h */ = {isa = PBXFileReference; fileEncoding = 4; lastKnownFileType = sourcecode.c.h; path = SloppySwiper.h; sourceTree = "<group>"; };
		911FCA6E1B1EE4C900A970A3 /* SloppySwiper.m */ = {isa = PBXFileReference; fileEncoding = 4; lastKnownFileType = sourcecode.c.objc; path = SloppySwiper.m; sourceTree = "<group>"; };
		911FCA6F1B1EE4C900A970A3 /* SloppySwiperNavigationController.h */ = {isa = PBXFileReference; fileEncoding = 4; lastKnownFileType = sourcecode.c.h; path = SloppySwiperNavigationController.h; sourceTree = "<group>"; };
		911FCA701B1EE4C900A970A3 /* SloppySwiperNavigationController.m */ = {isa = PBXFileReference; fileEncoding = 4; lastKnownFileType = sourcecode.c.objc; path = SloppySwiperNavigationController.m; sourceTree = "<group>"; };
		911FCA711B1EE4C900A970A3 /* SSWAnimator.h */ = {isa = PBXFileReference; fileEncoding = 4; lastKnownFileType = sourcecode.c.h; path = SSWAnimator.h; sourceTree = "<group>"; };
		911FCA721B1EE4C900A970A3 /* SSWAnimator.m */ = {isa = PBXFileReference; fileEncoding = 4; lastKnownFileType = sourcecode.c.objc; path = SSWAnimator.m; sourceTree = "<group>"; };
		911FCA731B1EE4C900A970A3 /* SSWDirectionalPanGestureRecognizer.h */ = {isa = PBXFileReference; fileEncoding = 4; lastKnownFileType = sourcecode.c.h; path = SSWDirectionalPanGestureRecognizer.h; sourceTree = "<group>"; };
		911FCA741B1EE4C900A970A3 /* SSWDirectionalPanGestureRecognizer.m */ = {isa = PBXFileReference; fileEncoding = 4; lastKnownFileType = sourcecode.c.objc; path = SSWDirectionalPanGestureRecognizer.m; sourceTree = "<group>"; };
		916979C71B7C626600E6E25A /* CoreData.framework */ = {isa = PBXFileReference; lastKnownFileType = wrapper.framework; name = CoreData.framework; path = System/Library/Frameworks/CoreData.framework; sourceTree = SDKROOT; };
		916979CC1B7C62BE00E6E25A /* App.xcdatamodel */ = {isa = PBXFileReference; lastKnownFileType = wrapper.xcdatamodel; path = App.xcdatamodel; sourceTree = "<group>"; };
		916979CE1B7C62C900E6E25A /* CoreDataManager.swift */ = {isa = PBXFileReference; fileEncoding = 4; lastKnownFileType = sourcecode.swift; path = CoreDataManager.swift; sourceTree = "<group>"; };
		916979D01B7C639800E6E25A /* Travel.swift */ = {isa = PBXFileReference; fileEncoding = 4; lastKnownFileType = sourcecode.swift; path = Travel.swift; sourceTree = "<group>"; };
		916979D21B7C63B300E6E25A /* NSManagedObjectExtension.swift */ = {isa = PBXFileReference; fileEncoding = 4; lastKnownFileType = sourcecode.swift; path = NSManagedObjectExtension.swift; sourceTree = "<group>"; };
		917A3F8C1B1C0F93000A2A44 /* NSObectExtension.swift */ = {isa = PBXFileReference; fileEncoding = 4; lastKnownFileType = sourcecode.swift; path = NSObectExtension.swift; sourceTree = "<group>"; };
		917A3F911B1C234D000A2A44 /* User.swift */ = {isa = PBXFileReference; fileEncoding = 4; lastKnownFileType = sourcecode.swift; path = User.swift; sourceTree = "<group>"; };
		917A3F931B1C241D000A2A44 /* Order.swift */ = {isa = PBXFileReference; fileEncoding = 4; lastKnownFileType = sourcecode.swift; path = Order.swift; sourceTree = "<group>"; };
		917A3FB31B1C5F47000A2A44 /* JSONModelParser.swift */ = {isa = PBXFileReference; fileEncoding = 4; lastKnownFileType = sourcecode.swift; path = JSONModelParser.swift; sourceTree = "<group>"; };
		91BD59DD1B1D5710002CF727 /* Info.plist */ = {isa = PBXFileReference; fileEncoding = 4; lastKnownFileType = text.plist.xml; path = Info.plist; sourceTree = "<group>"; };
		91BD59E61B1D89FE002CF727 /* AMTumblrHud.h */ = {isa = PBXFileReference; fileEncoding = 4; lastKnownFileType = sourcecode.c.h; path = AMTumblrHud.h; sourceTree = "<group>"; };
		91BD59E71B1D89FE002CF727 /* AMTumblrHud.m */ = {isa = PBXFileReference; fileEncoding = 4; lastKnownFileType = sourcecode.c.objc; path = AMTumblrHud.m; sourceTree = "<group>"; };
		91BD59E81B1D89FE002CF727 /* GradientProgressView.h */ = {isa = PBXFileReference; fileEncoding = 4; lastKnownFileType = sourcecode.c.h; path = GradientProgressView.h; sourceTree = "<group>"; };
		91BD59E91B1D89FE002CF727 /* GradientProgressView.m */ = {isa = PBXFileReference; fileEncoding = 4; lastKnownFileType = sourcecode.c.objc; path = GradientProgressView.m; sourceTree = "<group>"; };
		91BD5A011B1DBAF9002CF727 /* MKAnnotationView+WebCache.h */ = {isa = PBXFileReference; fileEncoding = 4; lastKnownFileType = sourcecode.c.h; path = "MKAnnotationView+WebCache.h"; sourceTree = "<group>"; };
		91BD5A021B1DBAF9002CF727 /* MKAnnotationView+WebCache.m */ = {isa = PBXFileReference; fileEncoding = 4; lastKnownFileType = sourcecode.c.objc; path = "MKAnnotationView+WebCache.m"; sourceTree = "<group>"; };
		91BD5A031B1DBAF9002CF727 /* NSData+ImageContentType.h */ = {isa = PBXFileReference; fileEncoding = 4; lastKnownFileType = sourcecode.c.h; path = "NSData+ImageContentType.h"; sourceTree = "<group>"; };
		91BD5A041B1DBAF9002CF727 /* NSData+ImageContentType.m */ = {isa = PBXFileReference; fileEncoding = 4; lastKnownFileType = sourcecode.c.objc; path = "NSData+ImageContentType.m"; sourceTree = "<group>"; };
		91BD5A051B1DBAF9002CF727 /* SDImageCache.h */ = {isa = PBXFileReference; fileEncoding = 4; lastKnownFileType = sourcecode.c.h; path = SDImageCache.h; sourceTree = "<group>"; };
		91BD5A061B1DBAF9002CF727 /* SDImageCache.m */ = {isa = PBXFileReference; fileEncoding = 4; lastKnownFileType = sourcecode.c.objc; path = SDImageCache.m; sourceTree = "<group>"; };
		91BD5A071B1DBAF9002CF727 /* SDWebImageCompat.h */ = {isa = PBXFileReference; fileEncoding = 4; lastKnownFileType = sourcecode.c.h; path = SDWebImageCompat.h; sourceTree = "<group>"; };
		91BD5A081B1DBAF9002CF727 /* SDWebImageCompat.m */ = {isa = PBXFileReference; fileEncoding = 4; lastKnownFileType = sourcecode.c.objc; path = SDWebImageCompat.m; sourceTree = "<group>"; };
		91BD5A091B1DBAF9002CF727 /* SDWebImageDecoder.h */ = {isa = PBXFileReference; fileEncoding = 4; lastKnownFileType = sourcecode.c.h; path = SDWebImageDecoder.h; sourceTree = "<group>"; };
		91BD5A0A1B1DBAF9002CF727 /* SDWebImageDecoder.m */ = {isa = PBXFileReference; fileEncoding = 4; lastKnownFileType = sourcecode.c.objc; path = SDWebImageDecoder.m; sourceTree = "<group>"; };
		91BD5A0B1B1DBAF9002CF727 /* SDWebImageDownloader.h */ = {isa = PBXFileReference; fileEncoding = 4; lastKnownFileType = sourcecode.c.h; path = SDWebImageDownloader.h; sourceTree = "<group>"; };
		91BD5A0C1B1DBAF9002CF727 /* SDWebImageDownloader.m */ = {isa = PBXFileReference; fileEncoding = 4; lastKnownFileType = sourcecode.c.objc; path = SDWebImageDownloader.m; sourceTree = "<group>"; };
		91BD5A0D1B1DBAF9002CF727 /* SDWebImageDownloaderOperation.h */ = {isa = PBXFileReference; fileEncoding = 4; lastKnownFileType = sourcecode.c.h; path = SDWebImageDownloaderOperation.h; sourceTree = "<group>"; };
		91BD5A0E1B1DBAF9002CF727 /* SDWebImageDownloaderOperation.m */ = {isa = PBXFileReference; fileEncoding = 4; lastKnownFileType = sourcecode.c.objc; path = SDWebImageDownloaderOperation.m; sourceTree = "<group>"; };
		91BD5A0F1B1DBAF9002CF727 /* SDWebImageManager.h */ = {isa = PBXFileReference; fileEncoding = 4; lastKnownFileType = sourcecode.c.h; path = SDWebImageManager.h; sourceTree = "<group>"; };
		91BD5A101B1DBAF9002CF727 /* SDWebImageManager.m */ = {isa = PBXFileReference; fileEncoding = 4; lastKnownFileType = sourcecode.c.objc; path = SDWebImageManager.m; sourceTree = "<group>"; };
		91BD5A111B1DBAF9002CF727 /* SDWebImageOperation.h */ = {isa = PBXFileReference; fileEncoding = 4; lastKnownFileType = sourcecode.c.h; path = SDWebImageOperation.h; sourceTree = "<group>"; };
		91BD5A121B1DBAF9002CF727 /* SDWebImagePrefetcher.h */ = {isa = PBXFileReference; fileEncoding = 4; lastKnownFileType = sourcecode.c.h; path = SDWebImagePrefetcher.h; sourceTree = "<group>"; };
		91BD5A131B1DBAF9002CF727 /* SDWebImagePrefetcher.m */ = {isa = PBXFileReference; fileEncoding = 4; lastKnownFileType = sourcecode.c.objc; path = SDWebImagePrefetcher.m; sourceTree = "<group>"; };
		91BD5A141B1DBAF9002CF727 /* UIButton+WebCache.h */ = {isa = PBXFileReference; fileEncoding = 4; lastKnownFileType = sourcecode.c.h; path = "UIButton+WebCache.h"; sourceTree = "<group>"; };
		91BD5A151B1DBAF9002CF727 /* UIButton+WebCache.m */ = {isa = PBXFileReference; fileEncoding = 4; lastKnownFileType = sourcecode.c.objc; path = "UIButton+WebCache.m"; sourceTree = "<group>"; };
		91BD5A161B1DBAF9002CF727 /* UIImage+GIF.h */ = {isa = PBXFileReference; fileEncoding = 4; lastKnownFileType = sourcecode.c.h; path = "UIImage+GIF.h"; sourceTree = "<group>"; };
		91BD5A171B1DBAF9002CF727 /* UIImage+GIF.m */ = {isa = PBXFileReference; fileEncoding = 4; lastKnownFileType = sourcecode.c.objc; path = "UIImage+GIF.m"; sourceTree = "<group>"; };
		91BD5A181B1DBAF9002CF727 /* UIImage+MultiFormat.h */ = {isa = PBXFileReference; fileEncoding = 4; lastKnownFileType = sourcecode.c.h; path = "UIImage+MultiFormat.h"; sourceTree = "<group>"; };
		91BD5A191B1DBAF9002CF727 /* UIImage+MultiFormat.m */ = {isa = PBXFileReference; fileEncoding = 4; lastKnownFileType = sourcecode.c.objc; path = "UIImage+MultiFormat.m"; sourceTree = "<group>"; };
		91BD5A1A1B1DBAF9002CF727 /* UIImage+WebP.h */ = {isa = PBXFileReference; fileEncoding = 4; lastKnownFileType = sourcecode.c.h; path = "UIImage+WebP.h"; sourceTree = "<group>"; };
		91BD5A1B1B1DBAF9002CF727 /* UIImage+WebP.m */ = {isa = PBXFileReference; fileEncoding = 4; lastKnownFileType = sourcecode.c.objc; path = "UIImage+WebP.m"; sourceTree = "<group>"; };
		91BD5A1C1B1DBAF9002CF727 /* UIImageView+HighlightedWebCache.h */ = {isa = PBXFileReference; fileEncoding = 4; lastKnownFileType = sourcecode.c.h; path = "UIImageView+HighlightedWebCache.h"; sourceTree = "<group>"; };
		91BD5A1D1B1DBAF9002CF727 /* UIImageView+HighlightedWebCache.m */ = {isa = PBXFileReference; fileEncoding = 4; lastKnownFileType = sourcecode.c.objc; path = "UIImageView+HighlightedWebCache.m"; sourceTree = "<group>"; };
		91BD5A1E1B1DBAF9002CF727 /* UIImageView+WebCache.h */ = {isa = PBXFileReference; fileEncoding = 4; lastKnownFileType = sourcecode.c.h; path = "UIImageView+WebCache.h"; sourceTree = "<group>"; };
		91BD5A1F1B1DBAF9002CF727 /* UIImageView+WebCache.m */ = {isa = PBXFileReference; fileEncoding = 4; lastKnownFileType = sourcecode.c.objc; path = "UIImageView+WebCache.m"; sourceTree = "<group>"; };
		91BD5A201B1DBAF9002CF727 /* UIView+WebCacheOperation.h */ = {isa = PBXFileReference; fileEncoding = 4; lastKnownFileType = sourcecode.c.h; path = "UIView+WebCacheOperation.h"; sourceTree = "<group>"; };
		91BD5A211B1DBAF9002CF727 /* UIView+WebCacheOperation.m */ = {isa = PBXFileReference; fileEncoding = 4; lastKnownFileType = sourcecode.c.objc; path = "UIView+WebCacheOperation.m"; sourceTree = "<group>"; };
		91BD5A321B1DBC6C002CF727 /* UIimageViewExtension.swift */ = {isa = PBXFileReference; fileEncoding = 4; lastKnownFileType = sourcecode.swift; path = UIimageViewExtension.swift; sourceTree = "<group>"; };
		91CB92A41BA27DAF00182CB0 /* ArrayExtension.swift */ = {isa = PBXFileReference; fileEncoding = 4; lastKnownFileType = sourcecode.swift; path = ArrayExtension.swift; sourceTree = "<group>"; };
		91CB92A51BA27DAF00182CB0 /* UIImageExtension.swift */ = {isa = PBXFileReference; fileEncoding = 4; lastKnownFileType = sourcecode.swift; path = UIImageExtension.swift; sourceTree = "<group>"; };
		91CB92A61BA27DAF00182CB0 /* UITableViewExtension.swift */ = {isa = PBXFileReference; fileEncoding = 4; lastKnownFileType = sourcecode.swift; path = UITableViewExtension.swift; sourceTree = "<group>"; };
		91CB92A71BA27DAF00182CB0 /* UIViewControllerExtension.swift */ = {isa = PBXFileReference; fileEncoding = 4; lastKnownFileType = sourcecode.swift; path = UIViewControllerExtension.swift; sourceTree = "<group>"; };
		91CB92AF1BA27E2700182CB0 /* LighBaseTableViewController.swift */ = {isa = PBXFileReference; fileEncoding = 4; lastKnownFileType = sourcecode.swift; path = LighBaseTableViewController.swift; sourceTree = "<group>"; };
		91CB92B01BA27E2700182CB0 /* LighBaseViewController.swift */ = {isa = PBXFileReference; fileEncoding = 4; lastKnownFileType = sourcecode.swift; path = LighBaseViewController.swift; sourceTree = "<group>"; };
		91CB92B11BA27E2700182CB0 /* LighNavigationBarView.swift */ = {isa = PBXFileReference; fileEncoding = 4; lastKnownFileType = sourcecode.swift; path = LighNavigationBarView.swift; sourceTree = "<group>"; };
		91CB92B21BA27E2700182CB0 /* LighNavigationBarView.xib */ = {isa = PBXFileReference; fileEncoding = 4; lastKnownFileType = file.xib; path = LighNavigationBarView.xib; sourceTree = "<group>"; };
		91CB92B91BA27E5300182CB0 /* CircularImageView.swift */ = {isa = PBXFileReference; fileEncoding = 4; lastKnownFileType = sourcecode.swift; path = CircularImageView.swift; sourceTree = "<group>"; };
		91CB92BA1BA27E5300182CB0 /* CircularView.swift */ = {isa = PBXFileReference; fileEncoding = 4; lastKnownFileType = sourcecode.swift; path = CircularView.swift; sourceTree = "<group>"; };
		91CB92BB1BA27E5300182CB0 /* LighAlertView.swift */ = {isa = PBXFileReference; fileEncoding = 4; lastKnownFileType = sourcecode.swift; path = LighAlertView.swift; sourceTree = "<group>"; };
		91CB92BC1BA27E5300182CB0 /* LighHorizontalLineView.swift */ = {isa = PBXFileReference; fileEncoding = 4; lastKnownFileType = sourcecode.swift; path = LighHorizontalLineView.swift; sourceTree = "<group>"; };
		91CB92BD1BA27E5300182CB0 /* LighIndicatorView.h */ = {isa = PBXFileReference; fileEncoding = 4; lastKnownFileType = sourcecode.c.h; path = LighIndicatorView.h; sourceTree = "<group>"; };
		91CB92BE1BA27E5300182CB0 /* LighIndicatorView.m */ = {isa = PBXFileReference; fileEncoding = 4; lastKnownFileType = sourcecode.c.objc; path = LighIndicatorView.m; sourceTree = "<group>"; };
		91CB92BF1BA27E5300182CB0 /* LighIndicatorView.xib */ = {isa = PBXFileReference; fileEncoding = 4; lastKnownFileType = file.xib; path = LighIndicatorView.xib; sourceTree = "<group>"; };
		91CB92C01BA27E5300182CB0 /* LighVerticalLineView.swift */ = {isa = PBXFileReference; fileEncoding = 4; lastKnownFileType = sourcecode.swift; path = LighVerticalLineView.swift; sourceTree = "<group>"; };
		91CB92C81BA27EA300182CB0 /* LefVC.swift */ = {isa = PBXFileReference; fileEncoding = 4; lastKnownFileType = sourcecode.swift; path = LefVC.swift; sourceTree = "<group>"; };
		91CB92C91BA27EA300182CB0 /* LefVC.xib */ = {isa = PBXFileReference; fileEncoding = 4; lastKnownFileType = file.xib; path = LefVC.xib; sourceTree = "<group>"; };
		91CB92CD1BA27FD000182CB0 /* AlamofireExtensions.swift */ = {isa = PBXFileReference; fileEncoding = 4; lastKnownFileType = sourcecode.swift; path = AlamofireExtensions.swift; sourceTree = "<group>"; };
		91CB92CE1BA27FD000182CB0 /* LighHttpRequestManager.swift */ = {isa = PBXFileReference; fileEncoding = 4; lastKnownFileType = sourcecode.swift; path = LighHttpRequestManager.swift; sourceTree = "<group>"; };
		91CB92CF1BA27FD000182CB0 /* LighHTTPResult.swift */ = {isa = PBXFileReference; fileEncoding = 4; lastKnownFileType = sourcecode.swift; path = LighHTTPResult.swift; sourceTree = "<group>"; };
		91CB92D41BA2800B00182CB0 /* ThirdPartService.swift */ = {isa = PBXFileReference; fileEncoding = 4; lastKnownFileType = sourcecode.swift; path = ThirdPartService.swift; sourceTree = "<group>"; };
		91F09BE71B2407FA005D5A0B /* UIButtonExtension.swift */ = {isa = PBXFileReference; fileEncoding = 4; lastKnownFileType = sourcecode.swift; path = UIButtonExtension.swift; sourceTree = "<group>"; };
		91FC6B4B1B7D9E650086E6AA /* UITableView+FDTemplateLayoutCell.h */ = {isa = PBXFileReference; fileEncoding = 4; lastKnownFileType = sourcecode.c.h; path = "UITableView+FDTemplateLayoutCell.h"; sourceTree = "<group>"; };
		91FC6B4C1B7D9E650086E6AA /* UITableView+FDTemplateLayoutCell.m */ = {isa = PBXFileReference; fileEncoding = 4; lastKnownFileType = sourcecode.c.objc; path = "UITableView+FDTemplateLayoutCell.m"; sourceTree = "<group>"; };
		91FC6B4E1B7DA0AA0086E6AA /* UITableViewCellExtension.swift */ = {isa = PBXFileReference; fileEncoding = 4; lastKnownFileType = sourcecode.swift; path = UITableViewCellExtension.swift; sourceTree = "<group>"; };
/* End PBXFileReference section */

/* Begin PBXFrameworksBuildPhase section */
		9103C9111B19BF8500AB48F2 /* Frameworks */ = {
			isa = PBXFrameworksBuildPhase;
			buildActionMask = 2147483647;
			files = (
				916979C81B7C626600E6E25A /* CoreData.framework in Frameworks */,
				7EC2865080D38C3857722B54 /* Pods_swift_lib.framework in Frameworks */,
			);
			runOnlyForDeploymentPostprocessing = 0;
		};
		9103C9261B19BF8500AB48F2 /* Frameworks */ = {
			isa = PBXFrameworksBuildPhase;
			buildActionMask = 2147483647;
			files = (
			);
			runOnlyForDeploymentPostprocessing = 0;
		};
/* End PBXFrameworksBuildPhase section */

/* Begin PBXGroup section */
		073E163D9D8F72627AC65743 /* Frameworks */ = {
			isa = PBXGroup;
			children = (
				0EFA5585F273426F228621C8 /* Pods_swift_lib.framework */,
			);
			name = Frameworks;
			sourceTree = "<group>";
		};
		37E11910CD9F6B592FA120A1 /* Pods */ = {
			isa = PBXGroup;
			children = (
				8E2F084DDE4B0DC0400C53BD /* Pods-swift-lib.debug.xcconfig */,
				855C6249CC2E0EE9F48C8F15 /* Pods-swift-lib.release.xcconfig */,
			);
			name = Pods;
			sourceTree = "<group>";
		};
		9103C90B1B19BF8500AB48F2 = {
			isa = PBXGroup;
			children = (
				9103C9161B19BF8500AB48F2 /* swift-lib */,
				9103C92C1B19BF8500AB48F2 /* swift-libTests */,
				9103C9151B19BF8500AB48F2 /* Products */,
				37E11910CD9F6B592FA120A1 /* Pods */,
				073E163D9D8F72627AC65743 /* Frameworks */,
			);
			sourceTree = "<group>";
		};
		9103C9151B19BF8500AB48F2 /* Products */ = {
			isa = PBXGroup;
			children = (
				9103C9141B19BF8500AB48F2 /* swift-lib.app */,
				9103C9291B19BF8500AB48F2 /* swift-libTests.xctest */,
			);
			name = Products;
			sourceTree = "<group>";
		};
		9103C9161B19BF8500AB48F2 /* swift-lib */ = {
			isa = PBXGroup;
			children = (
				91CB92AD1BA27DF800182CB0 /* UI */,
				916979CA1B7C62AC00E6E25A /* CoreData */,
				917A3F8E1B1C1F3E000A2A44 /* Models */,
				9103C9501B1AC42600AB48F2 /* General */,
				9103C9391B19C08B00AB48F2 /* Vendors */,
				9103C9191B19BF8500AB48F2 /* AppDelegate.swift */,
				9103C91B1B19BF8500AB48F2 /* ViewController.swift */,
				9103C91D1B19BF8500AB48F2 /* Main.storyboard */,
				9103C99D1B1B1DF800AB48F2 /* MyPlayground.playground */,
				9103C9201B19BF8500AB48F2 /* Images.xcassets */,
				9103C9221B19BF8500AB48F2 /* LaunchScreen.xib */,
				9103C9171B19BF8500AB48F2 /* Supporting Files */,
			);
			path = "swift-lib";
			sourceTree = "<group>";
		};
		9103C9171B19BF8500AB48F2 /* Supporting Files */ = {
			isa = PBXGroup;
			children = (
				91BD59DD1B1D5710002CF727 /* Info.plist */,
				9103C94B1B19C17C00AB48F2 /* project.pch */,
				9103C94C1B19C52100AB48F2 /* project-Bridging-Header.h */,
			);
			name = "Supporting Files";
			sourceTree = "<group>";
		};
		9103C92C1B19BF8500AB48F2 /* swift-libTests */ = {
			isa = PBXGroup;
			children = (
				9103C92F1B19BF8500AB48F2 /* swift_libTests.swift */,
				9103C92D1B19BF8500AB48F2 /* Supporting Files */,
			);
			path = "swift-libTests";
			sourceTree = "<group>";
		};
		9103C92D1B19BF8500AB48F2 /* Supporting Files */ = {
			isa = PBXGroup;
			children = (
				9103C92E1B19BF8500AB48F2 /* Info.plist */,
			);
			name = "Supporting Files";
			sourceTree = "<group>";
		};
		9103C9391B19C08B00AB48F2 /* Vendors */ = {
			isa = PBXGroup;
			children = (
				91FC6B4A1B7D9E230086E6AA /* FDTemplateLayoutCell */,
				916979C91B7C627400E6E25A /* CoreData */,
				911FCA6C1B1EE49D00A970A3 /* SloppySwiper */,
				911FCA4A1B1EAE9A00A970A3 /* DrawerController */,
				91BD5A001B1DBAE3002CF727 /* SDWebImage */,
				91BD59E51B1D89FE002CF727 /* AMTumblrHud */,
				9103C9581B1AC50E00AB48F2 /* SCLAlertView */,
			);
			path = Vendors;
			sourceTree = "<group>";
		};
		9103C9501B1AC42600AB48F2 /* General */ = {
			isa = PBXGroup;
			children = (
				91CB92D31BA27FF600182CB0 /* Aop */,
				91CB92CC1BA27FD000182CB0 /* HTTP */,
				916979C21B7C621A00E6E25A /* UI */,
				9103C9551B1AC4A700AB48F2 /* Extensions */,
			);
			path = General;
			sourceTree = "<group>";
		};
		9103C9551B1AC4A700AB48F2 /* Extensions */ = {
			isa = PBXGroup;
			children = (
				9103C9751B1ADBD700AB48F2 /* UIDeviceExtension.swift */,
				91CB92A41BA27DAF00182CB0 /* ArrayExtension.swift */,
				91CB92A51BA27DAF00182CB0 /* UIImageExtension.swift */,
				91CB92A61BA27DAF00182CB0 /* UITableViewExtension.swift */,
				91CB92A71BA27DAF00182CB0 /* UIViewControllerExtension.swift */,
				9103C9761B1ADBD700AB48F2 /* StringExtension.swift */,
				9103C9771B1ADBD700AB48F2 /* UIColorExtension.swift */,
				9103C9791B1ADBD700AB48F2 /* UIViewExtension.swift */,
				917A3F8C1B1C0F93000A2A44 /* NSObectExtension.swift */,
				91BD5A321B1DBC6C002CF727 /* UIimageViewExtension.swift */,
				91F09BE71B2407FA005D5A0B /* UIButtonExtension.swift */,
				91FC6B4E1B7DA0AA0086E6AA /* UITableViewCellExtension.swift */,
			);
			path = Extensions;
			sourceTree = "<group>";
		};
		9103C9581B1AC50E00AB48F2 /* SCLAlertView */ = {
			isa = PBXGroup;
			children = (
				9103C9591B1AC50E00AB48F2 /* SCLAlertView.h */,
				9103C95A1B1AC50E00AB48F2 /* SCLAlertView.m */,
				9103C95B1B1AC50E00AB48F2 /* SCLAlertViewResponder.h */,
				9103C95C1B1AC50E00AB48F2 /* SCLAlertViewResponder.m */,
				9103C95D1B1AC50E00AB48F2 /* SCLAlertViewStyleKit.h */,
				9103C95E1B1AC50E00AB48F2 /* SCLAlertViewStyleKit.m */,
				9103C95F1B1AC50E00AB48F2 /* SCLButton.h */,
				9103C9601B1AC50E00AB48F2 /* SCLButton.m */,
				9103C9611B1AC50E00AB48F2 /* SCLMacros.h */,
				9103C9621B1AC50E00AB48F2 /* UIImage+ImageEffects.h */,
				9103C9631B1AC50E00AB48F2 /* UIImage+ImageEffects.m */,
			);
			path = SCLAlertView;
			sourceTree = "<group>";
		};
		911FCA4A1B1EAE9A00A970A3 /* DrawerController */ = {
			isa = PBXGroup;
			children = (
				911FCA4B1B1EAED400A970A3 /* AnimatedMenuButton.swift */,
				911FCA4C1B1EAED400A970A3 /* DrawerBarButtonItem.swift */,
				911FCA591B1EC4E900A970A3 /* ExampleDrawerVisualStateManager.swift */,
				911FCA4D1B1EAED400A970A3 /* DrawerController.h */,
				911FCA4E1B1EAED400A970A3 /* DrawerController.swift */,
				911FCA4F1B1EAED400A970A3 /* DrawerVisualState.swift */,
			);
			path = DrawerController;
			sourceTree = "<group>";
		};
		911FCA6C1B1EE49D00A970A3 /* SloppySwiper */ = {
			isa = PBXGroup;
			children = (
				911FCA6D1B1EE4C900A970A3 /* SloppySwiper.h */,
				911FCA6E1B1EE4C900A970A3 /* SloppySwiper.m */,
				911FCA6F1B1EE4C900A970A3 /* SloppySwiperNavigationController.h */,
				911FCA701B1EE4C900A970A3 /* SloppySwiperNavigationController.m */,
				911FCA711B1EE4C900A970A3 /* SSWAnimator.h */,
				911FCA721B1EE4C900A970A3 /* SSWAnimator.m */,
				911FCA731B1EE4C900A970A3 /* SSWDirectionalPanGestureRecognizer.h */,
				911FCA741B1EE4C900A970A3 /* SSWDirectionalPanGestureRecognizer.m */,
			);
			path = SloppySwiper;
			sourceTree = "<group>";
		};
		916979C21B7C621A00E6E25A /* UI */ = {
			isa = PBXGroup;
			children = (
				91CB92B81BA27E4A00182CB0 /* Views */,
				91CB92B71BA27E4100182CB0 /* Cell */,
				91CB92AE1BA27E1500182CB0 /* ViewControllers */,
			);
			path = UI;
			sourceTree = "<group>";
		};
		916979C91B7C627400E6E25A /* CoreData */ = {
			isa = PBXGroup;
			children = (
				916979C71B7C626600E6E25A /* CoreData.framework */,
			);
			path = CoreData;
			sourceTree = "<group>";
		};
		916979CA1B7C62AC00E6E25A /* CoreData */ = {
			isa = PBXGroup;
			children = (
				916979CB1B7C62BE00E6E25A /* App.xcdatamodeld */,
				916979CE1B7C62C900E6E25A /* CoreDataManager.swift */,
				916979D21B7C63B300E6E25A /* NSManagedObjectExtension.swift */,
				916979D01B7C639800E6E25A /* Travel.swift */,
			);
			path = CoreData;
			sourceTree = "<group>";
		};
		917A3F8E1B1C1F3E000A2A44 /* Models */ = {
			isa = PBXGroup;
			children = (
				917A3F911B1C234D000A2A44 /* User.swift */,
				917A3F931B1C241D000A2A44 /* Order.swift */,
				917A3FB31B1C5F47000A2A44 /* JSONModelParser.swift */,
			);
			path = Models;
			sourceTree = "<group>";
		};
		91BD59E51B1D89FE002CF727 /* AMTumblrHud */ = {
			isa = PBXGroup;
			children = (
				91BD59E61B1D89FE002CF727 /* AMTumblrHud.h */,
				91BD59E71B1D89FE002CF727 /* AMTumblrHud.m */,
				91BD59E81B1D89FE002CF727 /* GradientProgressView.h */,
				91BD59E91B1D89FE002CF727 /* GradientProgressView.m */,
			);
			path = AMTumblrHud;
			sourceTree = "<group>";
		};
		91BD5A001B1DBAE3002CF727 /* SDWebImage */ = {
			isa = PBXGroup;
			children = (
				91BD5A011B1DBAF9002CF727 /* MKAnnotationView+WebCache.h */,
				91BD5A021B1DBAF9002CF727 /* MKAnnotationView+WebCache.m */,
				91BD5A031B1DBAF9002CF727 /* NSData+ImageContentType.h */,
				91BD5A041B1DBAF9002CF727 /* NSData+ImageContentType.m */,
				91BD5A051B1DBAF9002CF727 /* SDImageCache.h */,
				91BD5A061B1DBAF9002CF727 /* SDImageCache.m */,
				91BD5A071B1DBAF9002CF727 /* SDWebImageCompat.h */,
				91BD5A081B1DBAF9002CF727 /* SDWebImageCompat.m */,
				91BD5A091B1DBAF9002CF727 /* SDWebImageDecoder.h */,
				91BD5A0A1B1DBAF9002CF727 /* SDWebImageDecoder.m */,
				91BD5A0B1B1DBAF9002CF727 /* SDWebImageDownloader.h */,
				91BD5A0C1B1DBAF9002CF727 /* SDWebImageDownloader.m */,
				91BD5A0D1B1DBAF9002CF727 /* SDWebImageDownloaderOperation.h */,
				91BD5A0E1B1DBAF9002CF727 /* SDWebImageDownloaderOperation.m */,
				91BD5A0F1B1DBAF9002CF727 /* SDWebImageManager.h */,
				91BD5A101B1DBAF9002CF727 /* SDWebImageManager.m */,
				91BD5A111B1DBAF9002CF727 /* SDWebImageOperation.h */,
				91BD5A121B1DBAF9002CF727 /* SDWebImagePrefetcher.h */,
				91BD5A131B1DBAF9002CF727 /* SDWebImagePrefetcher.m */,
				91BD5A141B1DBAF9002CF727 /* UIButton+WebCache.h */,
				91BD5A151B1DBAF9002CF727 /* UIButton+WebCache.m */,
				91BD5A161B1DBAF9002CF727 /* UIImage+GIF.h */,
				91BD5A171B1DBAF9002CF727 /* UIImage+GIF.m */,
				91BD5A181B1DBAF9002CF727 /* UIImage+MultiFormat.h */,
				91BD5A191B1DBAF9002CF727 /* UIImage+MultiFormat.m */,
				91BD5A1A1B1DBAF9002CF727 /* UIImage+WebP.h */,
				91BD5A1B1B1DBAF9002CF727 /* UIImage+WebP.m */,
				91BD5A1C1B1DBAF9002CF727 /* UIImageView+HighlightedWebCache.h */,
				91BD5A1D1B1DBAF9002CF727 /* UIImageView+HighlightedWebCache.m */,
				91BD5A1E1B1DBAF9002CF727 /* UIImageView+WebCache.h */,
				91BD5A1F1B1DBAF9002CF727 /* UIImageView+WebCache.m */,
				91BD5A201B1DBAF9002CF727 /* UIView+WebCacheOperation.h */,
				91BD5A211B1DBAF9002CF727 /* UIView+WebCacheOperation.m */,
			);
			path = SDWebImage;
			sourceTree = "<group>";
		};
		91CB92AD1BA27DF800182CB0 /* UI */ = {
			isa = PBXGroup;
			children = (
				91CB92C81BA27EA300182CB0 /* LefVC.swift */,
				91CB92C91BA27EA300182CB0 /* LefVC.xib */,
			);
			name = UI;
			path = General/UI/AppUI/UI;
			sourceTree = "<group>";
		};
		91CB92AE1BA27E1500182CB0 /* ViewControllers */ = {
			isa = PBXGroup;
			children = (
				91CB92AF1BA27E2700182CB0 /* LighBaseTableViewController.swift */,
				91CB92B01BA27E2700182CB0 /* LighBaseViewController.swift */,
				91CB92B11BA27E2700182CB0 /* LighNavigationBarView.swift */,
				91CB92B21BA27E2700182CB0 /* LighNavigationBarView.xib */,
			);
			path = ViewControllers;
			sourceTree = "<group>";
		};
		91CB92B71BA27E4100182CB0 /* Cell */ = {
			isa = PBXGroup;
			children = (
			);
			path = Cell;
			sourceTree = "<group>";
		};
		91CB92B81BA27E4A00182CB0 /* Views */ = {
			isa = PBXGroup;
			children = (
				91CB92B91BA27E5300182CB0 /* CircularImageView.swift */,
				91CB92BA1BA27E5300182CB0 /* CircularView.swift */,
				91CB92BB1BA27E5300182CB0 /* LighAlertView.swift */,
				91CB92BC1BA27E5300182CB0 /* LighHorizontalLineView.swift */,
				91CB92BD1BA27E5300182CB0 /* LighIndicatorView.h */,
				91CB92BE1BA27E5300182CB0 /* LighIndicatorView.m */,
				91CB92BF1BA27E5300182CB0 /* LighIndicatorView.xib */,
				91CB92C01BA27E5300182CB0 /* LighVerticalLineView.swift */,
			);
			path = Views;
			sourceTree = "<group>";
		};
		91CB92CC1BA27FD000182CB0 /* HTTP */ = {
			isa = PBXGroup;
			children = (
				91CB92CD1BA27FD000182CB0 /* AlamofireExtensions.swift */,
				91CB92CE1BA27FD000182CB0 /* LighHttpRequestManager.swift */,
				91CB92CF1BA27FD000182CB0 /* LighHTTPResult.swift */,
			);
			path = HTTP;
			sourceTree = "<group>";
		};
		91CB92D31BA27FF600182CB0 /* Aop */ = {
			isa = PBXGroup;
			children = (
				91CB92D41BA2800B00182CB0 /* ThirdPartService.swift */,
			);
			path = Aop;
			sourceTree = "<group>";
		};
		91FC6B4A1B7D9E230086E6AA /* FDTemplateLayoutCell */ = {
			isa = PBXGroup;
			children = (
				91FC6B4B1B7D9E650086E6AA /* UITableView+FDTemplateLayoutCell.h */,
				91FC6B4C1B7D9E650086E6AA /* UITableView+FDTemplateLayoutCell.m */,
			);
			path = FDTemplateLayoutCell;
			sourceTree = "<group>";
		};
/* End PBXGroup section */

/* Begin PBXNativeTarget section */
		9103C9131B19BF8500AB48F2 /* swift-lib */ = {
			isa = PBXNativeTarget;
			buildConfigurationList = 9103C9331B19BF8500AB48F2 /* Build configuration list for PBXNativeTarget "swift-lib" */;
			buildPhases = (
				767FE5F641CED60C01FEFB5D /* Check Pods Manifest.lock */,
				9103C9101B19BF8500AB48F2 /* Sources */,
				9103C9111B19BF8500AB48F2 /* Frameworks */,
				9103C9121B19BF8500AB48F2 /* Resources */,
				A5A26398C20FC94446955002 /* Embed Pods Frameworks */,
				2BBFB1E39988F73AD785835E /* Copy Pods Resources */,
			);
			buildRules = (
			);
			dependencies = (
			);
			name = "swift-lib";
			productName = "swift-lib";
			productReference = 9103C9141B19BF8500AB48F2 /* swift-lib.app */;
			productType = "com.apple.product-type.application";
		};
		9103C9281B19BF8500AB48F2 /* swift-libTests */ = {
			isa = PBXNativeTarget;
			buildConfigurationList = 9103C9361B19BF8500AB48F2 /* Build configuration list for PBXNativeTarget "swift-libTests" */;
			buildPhases = (
				9103C9251B19BF8500AB48F2 /* Sources */,
				9103C9261B19BF8500AB48F2 /* Frameworks */,
				9103C9271B19BF8500AB48F2 /* Resources */,
			);
			buildRules = (
			);
			dependencies = (
				9103C92B1B19BF8500AB48F2 /* PBXTargetDependency */,
			);
			name = "swift-libTests";
			productName = "swift-libTests";
			productReference = 9103C9291B19BF8500AB48F2 /* swift-libTests.xctest */;
			productType = "com.apple.product-type.bundle.unit-test";
		};
/* End PBXNativeTarget section */

/* Begin PBXProject section */
		9103C90C1B19BF8500AB48F2 /* Project object */ = {
			isa = PBXProject;
			attributes = {
				LastUpgradeCheck = 0610;
				ORGANIZATIONNAME = ligh;
				TargetAttributes = {
					9103C9131B19BF8500AB48F2 = {
						CreatedOnToolsVersion = 6.1;
						DevelopmentTeam = V4Q5CVEM8S;
					};
					9103C9281B19BF8500AB48F2 = {
						CreatedOnToolsVersion = 6.1;
						TestTargetID = 9103C9131B19BF8500AB48F2;
					};
				};
			};
			buildConfigurationList = 9103C90F1B19BF8500AB48F2 /* Build configuration list for PBXProject "swift-lib" */;
			compatibilityVersion = "Xcode 3.2";
			developmentRegion = English;
			hasScannedForEncodings = 0;
			knownRegions = (
				en,
				Base,
			);
			mainGroup = 9103C90B1B19BF8500AB48F2;
			productRefGroup = 9103C9151B19BF8500AB48F2 /* Products */;
			projectDirPath = "";
			projectRoot = "";
			targets = (
				9103C9131B19BF8500AB48F2 /* swift-lib */,
				9103C9281B19BF8500AB48F2 /* swift-libTests */,
			);
		};
/* End PBXProject section */

/* Begin PBXResourcesBuildPhase section */
		9103C9121B19BF8500AB48F2 /* Resources */ = {
			isa = PBXResourcesBuildPhase;
			buildActionMask = 2147483647;
			files = (
				9103C91F1B19BF8500AB48F2 /* Main.storyboard in Resources */,
				9103C9241B19BF8500AB48F2 /* LaunchScreen.xib in Resources */,
				91CB92CB1BA27EA300182CB0 /* LefVC.xib in Resources */,
				91CB92C61BA27E5300182CB0 /* LighIndicatorView.xib in Resources */,
				91BD59DE1B1D5710002CF727 /* Info.plist in Resources */,
				91CB92B61BA27E2700182CB0 /* LighNavigationBarView.xib in Resources */,
				9103C9211B19BF8500AB48F2 /* Images.xcassets in Resources */,
			);
			runOnlyForDeploymentPostprocessing = 0;
		};
		9103C9271B19BF8500AB48F2 /* Resources */ = {
			isa = PBXResourcesBuildPhase;
			buildActionMask = 2147483647;
			files = (
			);
			runOnlyForDeploymentPostprocessing = 0;
		};
/* End PBXResourcesBuildPhase section */

/* Begin PBXShellScriptBuildPhase section */
		2BBFB1E39988F73AD785835E /* Copy Pods Resources */ = {
			isa = PBXShellScriptBuildPhase;
			buildActionMask = 2147483647;
			files = (
			);
			inputPaths = (
			);
			name = "Copy Pods Resources";
			outputPaths = (
			);
			runOnlyForDeploymentPostprocessing = 0;
			shellPath = /bin/sh;
			shellScript = "\"${SRCROOT}/Pods/Target Support Files/Pods-swift-lib/Pods-swift-lib-resources.sh\"\n";
			showEnvVarsInLog = 0;
		};
		767FE5F641CED60C01FEFB5D /* Check Pods Manifest.lock */ = {
			isa = PBXShellScriptBuildPhase;
			buildActionMask = 2147483647;
			files = (
			);
			inputPaths = (
			);
			name = "Check Pods Manifest.lock";
			outputPaths = (
			);
			runOnlyForDeploymentPostprocessing = 0;
			shellPath = /bin/sh;
			shellScript = "diff \"${PODS_ROOT}/../Podfile.lock\" \"${PODS_ROOT}/Manifest.lock\" > /dev/null\nif [[ $? != 0 ]] ; then\n    cat << EOM\nerror: The sandbox is not in sync with the Podfile.lock. Run 'pod install' or update your CocoaPods installation.\nEOM\n    exit 1\nfi\n";
			showEnvVarsInLog = 0;
		};
		A5A26398C20FC94446955002 /* Embed Pods Frameworks */ = {
			isa = PBXShellScriptBuildPhase;
			buildActionMask = 2147483647;
			files = (
			);
			inputPaths = (
			);
			name = "Embed Pods Frameworks";
			outputPaths = (
			);
			runOnlyForDeploymentPostprocessing = 0;
			shellPath = /bin/sh;
			shellScript = "\"${SRCROOT}/Pods/Target Support Files/Pods-swift-lib/Pods-swift-lib-frameworks.sh\"\n";
			showEnvVarsInLog = 0;
		};
/* End PBXShellScriptBuildPhase section */

/* Begin PBXSourcesBuildPhase section */
		9103C9101B19BF8500AB48F2 /* Sources */ = {
			isa = PBXSourcesBuildPhase;
			buildActionMask = 2147483647;
			files = (
				91BD5A281B1DBAF9002CF727 /* SDWebImageDownloaderOperation.m in Sources */,
				911FCA5A1B1EC4E900A970A3 /* ExampleDrawerVisualStateManager.swift in Sources */,
				91BD5A2E1B1DBAF9002CF727 /* UIImage+WebP.m in Sources */,
				91BD5A2A1B1DBAF9002CF727 /* SDWebImagePrefetcher.m in Sources */,
				916979CD1B7C62BE00E6E25A /* App.xcdatamodeld in Sources */,
				91CB92D11BA27FD000182CB0 /* LighHttpRequestManager.swift in Sources */,
				9103C9661B1AC50E00AB48F2 /* SCLAlertViewStyleKit.m in Sources */,
				91BD5A241B1DBAF9002CF727 /* SDImageCache.m in Sources */,
				91BD5A291B1DBAF9002CF727 /* SDWebImageManager.m in Sources */,
				9103C97C1B1ADBD700AB48F2 /* UIColorExtension.swift in Sources */,
				9103C91C1B19BF8500AB48F2 /* ViewController.swift in Sources */,
				91CB92B51BA27E2700182CB0 /* LighNavigationBarView.swift in Sources */,
				916979D31B7C63B300E6E25A /* NSManagedObjectExtension.swift in Sources */,
				9103C9681B1AC50E00AB48F2 /* UIImage+ImageEffects.m in Sources */,
				91BD5A311B1DBAF9002CF727 /* UIView+WebCacheOperation.m in Sources */,
				917A3F941B1C241D000A2A44 /* Order.swift in Sources */,
				91CB92C51BA27E5300182CB0 /* LighIndicatorView.m in Sources */,
				91BD5A251B1DBAF9002CF727 /* SDWebImageCompat.m in Sources */,
				91CB92A81BA27DAF00182CB0 /* ArrayExtension.swift in Sources */,
				911FCA511B1EAED400A970A3 /* DrawerBarButtonItem.swift in Sources */,
				91BD59EB1B1D89FE002CF727 /* GradientProgressView.m in Sources */,
				91CB92A91BA27DAF00182CB0 /* UIImageExtension.swift in Sources */,
				9103C97E1B1ADBD700AB48F2 /* UIViewExtension.swift in Sources */,
				91CB92C21BA27E5300182CB0 /* CircularView.swift in Sources */,
				91BD5A261B1DBAF9002CF727 /* SDWebImageDecoder.m in Sources */,
				911FCA531B1EAED400A970A3 /* DrawerVisualState.swift in Sources */,
				91FC6B4D1B7D9E650086E6AA /* UITableView+FDTemplateLayoutCell.m in Sources */,
				917A3F921B1C234D000A2A44 /* User.swift in Sources */,
				91BD5A2F1B1DBAF9002CF727 /* UIImageView+HighlightedWebCache.m in Sources */,
				91F09BE81B2407FA005D5A0B /* UIButtonExtension.swift in Sources */,
				91FC6B4F1B7DA0AA0086E6AA /* UITableViewCellExtension.swift in Sources */,
				9103C9651B1AC50E00AB48F2 /* SCLAlertViewResponder.m in Sources */,
				911FCA761B1EE4C900A970A3 /* SloppySwiperNavigationController.m in Sources */,
				917A3FB51B1C5F47000A2A44 /* JSONModelParser.swift in Sources */,
				911FCA501B1EAED400A970A3 /* AnimatedMenuButton.swift in Sources */,
				91BD59EA1B1D89FE002CF727 /* AMTumblrHud.m in Sources */,
				91CB92C71BA27E5300182CB0 /* LighVerticalLineView.swift in Sources */,
				9103C91A1B19BF8500AB48F2 /* AppDelegate.swift in Sources */,
				91BD5A2D1B1DBAF9002CF727 /* UIImage+MultiFormat.m in Sources */,
				91CB92D01BA27FD000182CB0 /* AlamofireExtensions.swift in Sources */,
				917A3F8D1B1C0F93000A2A44 /* NSObectExtension.swift in Sources */,
				91CB92C41BA27E5300182CB0 /* LighHorizontalLineView.swift in Sources */,
				91CB92B31BA27E2700182CB0 /* LighBaseTableViewController.swift in Sources */,
				911FCA771B1EE4C900A970A3 /* SSWAnimator.m in Sources */,
				91BD5A221B1DBAF9002CF727 /* MKAnnotationView+WebCache.m in Sources */,
				91BD5A331B1DBC6C002CF727 /* UIimageViewExtension.swift in Sources */,
				91BD5A231B1DBAF9002CF727 /* NSData+ImageContentType.m in Sources */,
				91BD5A2B1B1DBAF9002CF727 /* UIButton+WebCache.m in Sources */,
				91BD5A301B1DBAF9002CF727 /* UIImageView+WebCache.m in Sources */,
				91CB92AA1BA27DAF00182CB0 /* UITableViewExtension.swift in Sources */,
				91CB92C11BA27E5300182CB0 /* CircularImageView.swift in Sources */,
				9103C97A1B1ADBD700AB48F2 /* UIDeviceExtension.swift in Sources */,
				91CB92D21BA27FD000182CB0 /* LighHTTPResult.swift in Sources */,
				91CB92B41BA27E2700182CB0 /* LighBaseViewController.swift in Sources */,
				91CB92C31BA27E5300182CB0 /* LighAlertView.swift in Sources */,
				91CB92AB1BA27DAF00182CB0 /* UIViewControllerExtension.swift in Sources */,
				911FCA781B1EE4C900A970A3 /* SSWDirectionalPanGestureRecognizer.m in Sources */,
				91BD5A2C1B1DBAF9002CF727 /* UIImage+GIF.m in Sources */,
				91BD5A271B1DBAF9002CF727 /* SDWebImageDownloader.m in Sources */,
				916979D11B7C639800E6E25A /* Travel.swift in Sources */,
				91CB92D51BA2800B00182CB0 /* ThirdPartService.swift in Sources */,
				91CB92CA1BA27EA300182CB0 /* LefVC.swift in Sources */,
				9103C9671B1AC50E00AB48F2 /* SCLButton.m in Sources */,
				9103C97B1B1ADBD700AB48F2 /* StringExtension.swift in Sources */,
				911FCA751B1EE4C900A970A3 /* SloppySwiper.m in Sources */,
				9103C9641B1AC50E00AB48F2 /* SCLAlertView.m in Sources */,
				911FCA521B1EAED400A970A3 /* DrawerController.swift in Sources */,
				916979CF1B7C62C900E6E25A /* CoreDataManager.swift in Sources */,
			);
			runOnlyForDeploymentPostprocessing = 0;
		};
		9103C9251B19BF8500AB48F2 /* Sources */ = {
			isa = PBXSourcesBuildPhase;
			buildActionMask = 2147483647;
			files = (
				9103C9301B19BF8500AB48F2 /* swift_libTests.swift in Sources */,
			);
			runOnlyForDeploymentPostprocessing = 0;
		};
/* End PBXSourcesBuildPhase section */

/* Begin PBXTargetDependency section */
		9103C92B1B19BF8500AB48F2 /* PBXTargetDependency */ = {
			isa = PBXTargetDependency;
			target = 9103C9131B19BF8500AB48F2 /* swift-lib */;
			targetProxy = 9103C92A1B19BF8500AB48F2 /* PBXContainerItemProxy */;
		};
/* End PBXTargetDependency section */

/* Begin PBXVariantGroup section */
		9103C91D1B19BF8500AB48F2 /* Main.storyboard */ = {
			isa = PBXVariantGroup;
			children = (
				9103C91E1B19BF8500AB48F2 /* Base */,
			);
			name = Main.storyboard;
			sourceTree = "<group>";
		};
		9103C9221B19BF8500AB48F2 /* LaunchScreen.xib */ = {
			isa = PBXVariantGroup;
			children = (
				9103C9231B19BF8500AB48F2 /* Base */,
			);
			name = LaunchScreen.xib;
			sourceTree = "<group>";
		};
/* End PBXVariantGroup section */

/* Begin XCBuildConfiguration section */
		9103C9311B19BF8500AB48F2 /* Debug */ = {
			isa = XCBuildConfiguration;
			buildSettings = {
				ALWAYS_SEARCH_USER_PATHS = NO;
				CLANG_CXX_LANGUAGE_STANDARD = "gnu++0x";
				CLANG_CXX_LIBRARY = "libc++";
				CLANG_ENABLE_MODULES = YES;
				CLANG_ENABLE_OBJC_ARC = YES;
				CLANG_WARN_BOOL_CONVERSION = YES;
				CLANG_WARN_CONSTANT_CONVERSION = YES;
				CLANG_WARN_DIRECT_OBJC_ISA_USAGE = YES_ERROR;
				CLANG_WARN_EMPTY_BODY = YES;
				CLANG_WARN_ENUM_CONVERSION = YES;
				CLANG_WARN_INT_CONVERSION = YES;
				CLANG_WARN_OBJC_ROOT_CLASS = YES_ERROR;
				CLANG_WARN_UNREACHABLE_CODE = YES;
				CLANG_WARN__DUPLICATE_METHOD_MATCH = YES;
				"CODE_SIGN_IDENTITY[sdk=iphoneos*]" = "iPhone Developer";
				COPY_PHASE_STRIP = NO;
				ENABLE_STRICT_OBJC_MSGSEND = YES;
				GCC_C_LANGUAGE_STANDARD = gnu99;
				GCC_DYNAMIC_NO_PIC = NO;
				GCC_OPTIMIZATION_LEVEL = 0;
				GCC_PREPROCESSOR_DEFINITIONS = (
					"DEBUG=1",
					"$(inherited)",
				);
				GCC_SYMBOLS_PRIVATE_EXTERN = NO;
				GCC_WARN_64_TO_32_BIT_CONVERSION = YES;
				GCC_WARN_ABOUT_RETURN_TYPE = YES_ERROR;
				GCC_WARN_UNDECLARED_SELECTOR = YES;
				GCC_WARN_UNINITIALIZED_AUTOS = YES_AGGRESSIVE;
				GCC_WARN_UNUSED_FUNCTION = YES;
				GCC_WARN_UNUSED_VARIABLE = YES;
				IPHONEOS_DEPLOYMENT_TARGET = 8.1;
				MTL_ENABLE_DEBUG_INFO = YES;
				ONLY_ACTIVE_ARCH = YES;
				SDKROOT = iphoneos;
				SWIFT_OPTIMIZATION_LEVEL = "-Onone";
			};
			name = Debug;
		};
		9103C9321B19BF8500AB48F2 /* Release */ = {
			isa = XCBuildConfiguration;
			buildSettings = {
				ALWAYS_SEARCH_USER_PATHS = NO;
				CLANG_CXX_LANGUAGE_STANDARD = "gnu++0x";
				CLANG_CXX_LIBRARY = "libc++";
				CLANG_ENABLE_MODULES = YES;
				CLANG_ENABLE_OBJC_ARC = YES;
				CLANG_WARN_BOOL_CONVERSION = YES;
				CLANG_WARN_CONSTANT_CONVERSION = YES;
				CLANG_WARN_DIRECT_OBJC_ISA_USAGE = YES_ERROR;
				CLANG_WARN_EMPTY_BODY = YES;
				CLANG_WARN_ENUM_CONVERSION = YES;
				CLANG_WARN_INT_CONVERSION = YES;
				CLANG_WARN_OBJC_ROOT_CLASS = YES_ERROR;
				CLANG_WARN_UNREACHABLE_CODE = YES;
				CLANG_WARN__DUPLICATE_METHOD_MATCH = YES;
				"CODE_SIGN_IDENTITY[sdk=iphoneos*]" = "iPhone Developer";
				COPY_PHASE_STRIP = YES;
				ENABLE_NS_ASSERTIONS = NO;
				ENABLE_STRICT_OBJC_MSGSEND = YES;
				GCC_C_LANGUAGE_STANDARD = gnu99;
				GCC_WARN_64_TO_32_BIT_CONVERSION = YES;
				GCC_WARN_ABOUT_RETURN_TYPE = YES_ERROR;
				GCC_WARN_UNDECLARED_SELECTOR = YES;
				GCC_WARN_UNINITIALIZED_AUTOS = YES_AGGRESSIVE;
				GCC_WARN_UNUSED_FUNCTION = YES;
				GCC_WARN_UNUSED_VARIABLE = YES;
				IPHONEOS_DEPLOYMENT_TARGET = 8.1;
				MTL_ENABLE_DEBUG_INFO = NO;
				SDKROOT = iphoneos;
				VALIDATE_PRODUCT = YES;
			};
			name = Release;
		};
		9103C9341B19BF8500AB48F2 /* Debug */ = {
			isa = XCBuildConfiguration;
			baseConfigurationReference = 8E2F084DDE4B0DC0400C53BD /* Pods-swift-lib.debug.xcconfig */;
			buildSettings = {
				ASSETCATALOG_COMPILER_APPICON_NAME = AppIcon;
				CODE_SIGN_IDENTITY = "iPhone Developer: jing fan (549K9DE5MZ)";
				FRAMEWORK_SEARCH_PATHS = (
					"$(inherited)",
					"$(PROJECT_DIR)/Carthage/Build/iOS",
					"$(PROJECT_DIR)/swift-lib/Vendors/Alamofire",
					"$(PROJECT_DIR)/swift-lib/Vendors/SwiftyJSON",
				);
				GCC_PRECOMPILE_PREFIX_HEADER = YES;
				INFOPLIST_FILE = "swift-lib/Info.plist";
				IPHONEOS_DEPLOYMENT_TARGET = 8.0;
				LD_RUNPATH_SEARCH_PATHS = "$(inherited) @executable_path/Frameworks";
				PRODUCT_NAME = "$(TARGET_NAME)";
				PROVISIONING_PROFILE = "fe99ca91-9dc0-4b73-8bb6-ad465ce5809d";
				SWIFT_OBJC_BRIDGING_HEADER = "swift-lib/project-Bridging-Header.h";
				SWIFT_OPTIMIZATION_LEVEL = "-O";
			};
			name = Debug;
		};
		9103C9351B19BF8500AB48F2 /* Release */ = {
			isa = XCBuildConfiguration;
			baseConfigurationReference = 855C6249CC2E0EE9F48C8F15 /* Pods-swift-lib.release.xcconfig */;
			buildSettings = {
				ASSETCATALOG_COMPILER_APPICON_NAME = AppIcon;
				CODE_SIGN_IDENTITY = "iPhone Distribution: Beijing QingChuang Technology Co., Ltd. (V4Q5CVEM8S)";
				FRAMEWORK_SEARCH_PATHS = (
					"$(inherited)",
					"$(PROJECT_DIR)/Carthage/Build/iOS",
					"$(PROJECT_DIR)/swift-lib/Vendors/Alamofire",
					"$(PROJECT_DIR)/swift-lib/Vendors/SwiftyJSON",
				);
				GCC_PRECOMPILE_PREFIX_HEADER = YES;
				INFOPLIST_FILE = "swift-lib/Info.plist";
				IPHONEOS_DEPLOYMENT_TARGET = 8.0;
				LD_RUNPATH_SEARCH_PATHS = "$(inherited) @executable_path/Frameworks";
				PRODUCT_NAME = "$(TARGET_NAME)";
				PROVISIONING_PROFILE = "c2f4800b-dd6a-44d9-a1c9-799ceed2db04";
				SWIFT_OBJC_BRIDGING_HEADER = "swift-lib/project-Bridging-Header.h";
			};
			name = Release;
		};
		9103C9371B19BF8500AB48F2 /* Debug */ = {
			isa = XCBuildConfiguration;
			buildSettings = {
				BUNDLE_LOADER = "$(TEST_HOST)";
				FRAMEWORK_SEARCH_PATHS = (
					"$(SDKROOT)/Developer/Library/Frameworks",
					"$(inherited)",
				);
				GCC_PREPROCESSOR_DEFINITIONS = (
					"DEBUG=1",
					"$(inherited)",
				);
				INFOPLIST_FILE = "swift-libTests/Info.plist";
				LD_RUNPATH_SEARCH_PATHS = "$(inherited) @executable_path/Frameworks @loader_path/Frameworks";
				PRODUCT_NAME = "$(TARGET_NAME)";
				TEST_HOST = "$(BUILT_PRODUCTS_DIR)/swift-lib.app/swift-lib";
			};
			name = Debug;
		};
		9103C9381B19BF8500AB48F2 /* Release */ = {
			isa = XCBuildConfiguration;
			buildSettings = {
				BUNDLE_LOADER = "$(TEST_HOST)";
				FRAMEWORK_SEARCH_PATHS = (
					"$(SDKROOT)/Developer/Library/Frameworks",
					"$(inherited)",
				);
				INFOPLIST_FILE = "swift-libTests/Info.plist";
				LD_RUNPATH_SEARCH_PATHS = "$(inherited) @executable_path/Frameworks @loader_path/Frameworks";
				PRODUCT_NAME = "$(TARGET_NAME)";
				TEST_HOST = "$(BUILT_PRODUCTS_DIR)/swift-lib.app/swift-lib";
			};
			name = Release;
		};
/* End XCBuildConfiguration section */

/* Begin XCConfigurationList section */
		9103C90F1B19BF8500AB48F2 /* Build configuration list for PBXProject "swift-lib" */ = {
			isa = XCConfigurationList;
			buildConfigurations = (
				9103C9311B19BF8500AB48F2 /* Debug */,
				9103C9321B19BF8500AB48F2 /* Release */,
			);
			defaultConfigurationIsVisible = 0;
			defaultConfigurationName = Release;
		};
		9103C9331B19BF8500AB48F2 /* Build configuration list for PBXNativeTarget "swift-lib" */ = {
			isa = XCConfigurationList;
			buildConfigurations = (
				9103C9341B19BF8500AB48F2 /* Debug */,
				9103C9351B19BF8500AB48F2 /* Release */,
			);
			defaultConfigurationIsVisible = 0;
			defaultConfigurationName = Release;
		};
		9103C9361B19BF8500AB48F2 /* Build configuration list for PBXNativeTarget "swift-libTests" */ = {
			isa = XCConfigurationList;
			buildConfigurations = (
				9103C9371B19BF8500AB48F2 /* Debug */,
				9103C9381B19BF8500AB48F2 /* Release */,
			);
			defaultConfigurationIsVisible = 0;
			defaultConfigurationName = Release;
		};
/* End XCConfigurationList section */

/* Begin XCVersionGroup section */
		916979CB1B7C62BE00E6E25A /* App.xcdatamodeld */ = {
			isa = XCVersionGroup;
			children = (
				916979CC1B7C62BE00E6E25A /* App.xcdatamodel */,
			);
			currentVersion = 916979CC1B7C62BE00E6E25A /* App.xcdatamodel */;
			path = App.xcdatamodeld;
			sourceTree = "<group>";
			versionGroupType = wrapper.xcdatamodel;
		};
/* End XCVersionGroup section */
	};
	rootObject = 9103C90C1B19BF8500AB48F2 /* Project object */;
}
